// !$*UTF8*$!
{
	archiveVersion = 1;
	classes = {
	};
	objectVersion = 50;
	objects = {

/* Begin PBXBuildFile section */
		99ACBC4720F3CFC200F705E3 /* AppDelegate.swift in Sources */ = {isa = PBXBuildFile; fileRef = 99ACBC4620F3CFC200F705E3 /* AppDelegate.swift */; };
		99ACBC4C20F3CFC200F705E3 /* Main.storyboard in Resources */ = {isa = PBXBuildFile; fileRef = 99ACBC4A20F3CFC200F705E3 /* Main.storyboard */; };
		99ACBC4E20F3CFC300F705E3 /* Assets.xcassets in Resources */ = {isa = PBXBuildFile; fileRef = 99ACBC4D20F3CFC300F705E3 /* Assets.xcassets */; };
		99ACBC5120F3CFC300F705E3 /* LaunchScreen.storyboard in Resources */ = {isa = PBXBuildFile; fileRef = 99ACBC4F20F3CFC300F705E3 /* LaunchScreen.storyboard */; };
		99ACBC5920F3D3C300F705E3 /* MainViewController.swift in Sources */ = {isa = PBXBuildFile; fileRef = 99ACBC5820F3D3C300F705E3 /* MainViewController.swift */; };
		99ACBC5B20F3D44700F705E3 /* AnimalViewController.swift in Sources */ = {isa = PBXBuildFile; fileRef = 99ACBC5A20F3D44700F705E3 /* AnimalViewController.swift */; };
		99CECDB220F418760022E32E /* Branch.framework in Frameworks */ = {isa = PBXBuildFile; fileRef = 99CECDB120F418760022E32E /* Branch.framework */; };
		99CECDB320F418760022E32E /* Branch.framework in Embed Frameworks */ = {isa = PBXBuildFile; fileRef = 99CECDB120F418760022E32E /* Branch.framework */; settings = {ATTRIBUTES = (CodeSignOnCopy, RemoveHeadersOnCopy, ); }; };
/* End PBXBuildFile section */

/* Begin PBXCopyFilesBuildPhase section */
		99ACBC6020F409C700F705E3 /* Embed Frameworks */ = {
			isa = PBXCopyFilesBuildPhase;
			buildActionMask = 2147483647;
			dstPath = "";
			dstSubfolderSpec = 10;
			files = (
				99CECDB320F418760022E32E /* Branch.framework in Embed Frameworks */,
			);
			name = "Embed Frameworks";
			runOnlyForDeploymentPostprocessing = 0;
		};
/* End PBXCopyFilesBuildPhase section */

/* Begin PBXFileReference section */
		99ACBC4320F3CFC200F705E3 /* Deep Linked Animals xchen.app */ = {isa = PBXFileReference; explicitFileType = wrapper.application; includeInIndex = 0; path = "Deep Linked Animals xchen.app"; sourceTree = BUILT_PRODUCTS_DIR; };
		99ACBC4620F3CFC200F705E3 /* AppDelegate.swift */ = {isa = PBXFileReference; lastKnownFileType = sourcecode.swift; path = AppDelegate.swift; sourceTree = "<group>"; };
		99ACBC4B20F3CFC200F705E3 /* Base */ = {isa = PBXFileReference; lastKnownFileType = file.storyboard; name = Base; path = Base.lproj/Main.storyboard; sourceTree = "<group>"; };
		99ACBC4D20F3CFC300F705E3 /* Assets.xcassets */ = {isa = PBXFileReference; lastKnownFileType = folder.assetcatalog; path = Assets.xcassets; sourceTree = "<group>"; };
		99ACBC5020F3CFC300F705E3 /* Base */ = {isa = PBXFileReference; lastKnownFileType = file.storyboard; name = Base; path = Base.lproj/LaunchScreen.storyboard; sourceTree = "<group>"; };
		99ACBC5220F3CFC300F705E3 /* Info.plist */ = {isa = PBXFileReference; lastKnownFileType = text.plist.xml; path = Info.plist; sourceTree = "<group>"; };
		99ACBC5820F3D3C300F705E3 /* MainViewController.swift */ = {isa = PBXFileReference; lastKnownFileType = sourcecode.swift; path = MainViewController.swift; sourceTree = "<group>"; };
		99ACBC5A20F3D44700F705E3 /* AnimalViewController.swift */ = {isa = PBXFileReference; lastKnownFileType = sourcecode.swift; path = AnimalViewController.swift; sourceTree = "<group>"; };
		99CECDB120F418760022E32E /* Branch.framework */ = {isa = PBXFileReference; lastKnownFileType = wrapper.framework; path = Branch.framework; sourceTree = "<group>"; };
		99CECDB420F419E80022E32E /* Deep Linked Animals xchen.entitlements */ = {isa = PBXFileReference; lastKnownFileType = text.plist.entitlements; path = "Deep Linked Animals xchen.entitlements"; sourceTree = "<group>"; };
/* End PBXFileReference section */

/* Begin PBXFrameworksBuildPhase section */
		99ACBC4020F3CFC200F705E3 /* Frameworks */ = {
			isa = PBXFrameworksBuildPhase;
			buildActionMask = 2147483647;
			files = (
				99CECDB220F418760022E32E /* Branch.framework in Frameworks */,
			);
			runOnlyForDeploymentPostprocessing = 0;
		};
/* End PBXFrameworksBuildPhase section */

/* Begin PBXGroup section */
		99ACBC3A20F3CFC200F705E3 = {
			isa = PBXGroup;
			children = (
				99CECDB120F418760022E32E /* Branch.framework */,
				99ACBC4520F3CFC200F705E3 /* Deep Linked Animals xchen */,
				99ACBC4420F3CFC200F705E3 /* Products */,
			);
			sourceTree = "<group>";
		};
		99ACBC4420F3CFC200F705E3 /* Products */ = {
			isa = PBXGroup;
			children = (
				99ACBC4320F3CFC200F705E3 /* Deep Linked Animals xchen.app */,
			);
			name = Products;
			sourceTree = "<group>";
		};
		99ACBC4520F3CFC200F705E3 /* Deep Linked Animals xchen */ = {
			isa = PBXGroup;
			children = (
				99CECDB420F419E80022E32E /* Deep Linked Animals xchen.entitlements */,
				99ACBC5820F3D3C300F705E3 /* MainViewController.swift */,
				99ACBC5A20F3D44700F705E3 /* AnimalViewController.swift */,
				99ACBC4620F3CFC200F705E3 /* AppDelegate.swift */,
				99ACBC4A20F3CFC200F705E3 /* Main.storyboard */,
				99ACBC4D20F3CFC300F705E3 /* Assets.xcassets */,
				99ACBC4F20F3CFC300F705E3 /* LaunchScreen.storyboard */,
				99ACBC5220F3CFC300F705E3 /* Info.plist */,
			);
			path = "Deep Linked Animals xchen";
			sourceTree = "<group>";
		};
/* End PBXGroup section */

/* Begin PBXNativeTarget section */
		99ACBC4220F3CFC200F705E3 /* Deep Linked Animals xchen */ = {
			isa = PBXNativeTarget;
			buildConfigurationList = 99ACBC5520F3CFC300F705E3 /* Build configuration list for PBXNativeTarget "Deep Linked Animals xchen" */;
			buildPhases = (
				99ACBC3F20F3CFC200F705E3 /* Sources */,
				99ACBC4020F3CFC200F705E3 /* Frameworks */,
				99ACBC4120F3CFC200F705E3 /* Resources */,
				99ACBC6020F409C700F705E3 /* Embed Frameworks */,
			);
			buildRules = (
			);
			dependencies = (
			);
			name = "Deep Linked Animals xchen";
			productName = "Deep Linked Animals xchen";
			productReference = 99ACBC4320F3CFC200F705E3 /* Deep Linked Animals xchen.app */;
			productType = "com.apple.product-type.application";
		};
/* End PBXNativeTarget section */

/* Begin PBXProject section */
		99ACBC3B20F3CFC200F705E3 /* Project object */ = {
			isa = PBXProject;
			attributes = {
				LastSwiftUpdateCheck = 0940;
				LastUpgradeCheck = 0940;
				ORGANIZATIONNAME = "Branch Metrics";
				TargetAttributes = {
					99ACBC4220F3CFC200F705E3 = {
						CreatedOnToolsVersion = 9.4.1;
						SystemCapabilities = {
							com.apple.SafariKeychain = {
								enabled = 1;
							};
						};
					};
				};
			};
			buildConfigurationList = 99ACBC3E20F3CFC200F705E3 /* Build configuration list for PBXProject "Deep Linked Animals xchen" */;
			compatibilityVersion = "Xcode 9.3";
			developmentRegion = en;
			hasScannedForEncodings = 0;
			knownRegions = (
				en,
				Base,
			);
			mainGroup = 99ACBC3A20F3CFC200F705E3;
			productRefGroup = 99ACBC4420F3CFC200F705E3 /* Products */;
			projectDirPath = "";
			projectRoot = "";
			targets = (
				99ACBC4220F3CFC200F705E3 /* Deep Linked Animals xchen */,
			);
		};
/* End PBXProject section */

/* Begin PBXResourcesBuildPhase section */
		99ACBC4120F3CFC200F705E3 /* Resources */ = {
			isa = PBXResourcesBuildPhase;
			buildActionMask = 2147483647;
			files = (
				99ACBC5120F3CFC300F705E3 /* LaunchScreen.storyboard in Resources */,
				99ACBC4E20F3CFC300F705E3 /* Assets.xcassets in Resources */,
				99ACBC4C20F3CFC200F705E3 /* Main.storyboard in Resources */,
			);
			runOnlyForDeploymentPostprocessing = 0;
		};
/* End PBXResourcesBuildPhase section */

/* Begin PBXSourcesBuildPhase section */
		99ACBC3F20F3CFC200F705E3 /* Sources */ = {
			isa = PBXSourcesBuildPhase;
			buildActionMask = 2147483647;
			files = (
				99ACBC4720F3CFC200F705E3 /* AppDelegate.swift in Sources */,
				99ACBC5B20F3D44700F705E3 /* AnimalViewController.swift in Sources */,
				99ACBC5920F3D3C300F705E3 /* MainViewController.swift in Sources */,
			);
			runOnlyForDeploymentPostprocessing = 0;
		};
/* End PBXSourcesBuildPhase section */

/* Begin PBXVariantGroup section */
		99ACBC4A20F3CFC200F705E3 /* Main.storyboard */ = {
			isa = PBXVariantGroup;
			children = (
				99ACBC4B20F3CFC200F705E3 /* Base */,
			);
			name = Main.storyboard;
			sourceTree = "<group>";
		};
		99ACBC4F20F3CFC300F705E3 /* LaunchScreen.storyboard */ = {
			isa = PBXVariantGroup;
			children = (
				99ACBC5020F3CFC300F705E3 /* Base */,
			);
			name = LaunchScreen.storyboard;
			sourceTree = "<group>";
		};
/* End PBXVariantGroup section */

/* Begin XCBuildConfiguration section */
		99ACBC5320F3CFC300F705E3 /* Debug */ = {
			isa = XCBuildConfiguration;
			buildSettings = {
				ALWAYS_SEARCH_USER_PATHS = NO;
				CLANG_ANALYZER_NONNULL = YES;
				CLANG_ANALYZER_NUMBER_OBJECT_CONVERSION = YES_AGGRESSIVE;
				CLANG_CXX_LANGUAGE_STANDARD = "gnu++14";
				CLANG_CXX_LIBRARY = "libc++";
				CLANG_ENABLE_MODULES = YES;
				CLANG_ENABLE_OBJC_ARC = YES;
				CLANG_ENABLE_OBJC_WEAK = YES;
				CLANG_WARN_BLOCK_CAPTURE_AUTORELEASING = YES;
				CLANG_WARN_BOOL_CONVERSION = YES;
				CLANG_WARN_COMMA = YES;
				CLANG_WARN_CONSTANT_CONVERSION = YES;
				CLANG_WARN_DEPRECATED_OBJC_IMPLEMENTATIONS = YES;
				CLANG_WARN_DIRECT_OBJC_ISA_USAGE = YES_ERROR;
				CLANG_WARN_DOCUMENTATION_COMMENTS = YES;
				CLANG_WARN_EMPTY_BODY = YES;
				CLANG_WARN_ENUM_CONVERSION = YES;
				CLANG_WARN_INFINITE_RECURSION = YES;
				CLANG_WARN_INT_CONVERSION = YES;
				CLANG_WARN_NON_LITERAL_NULL_CONVERSION = YES;
				CLANG_WARN_OBJC_IMPLICIT_RETAIN_SELF = YES;
				CLANG_WARN_OBJC_LITERAL_CONVERSION = YES;
				CLANG_WARN_OBJC_ROOT_CLASS = YES_ERROR;
				CLANG_WARN_RANGE_LOOP_ANALYSIS = YES;
				CLANG_WARN_STRICT_PROTOTYPES = YES;
				CLANG_WARN_SUSPICIOUS_MOVE = YES;
				CLANG_WARN_UNGUARDED_AVAILABILITY = YES_AGGRESSIVE;
				CLANG_WARN_UNREACHABLE_CODE = YES;
				CLANG_WARN__DUPLICATE_METHOD_MATCH = YES;
				CODE_SIGN_IDENTITY = "iPhone Developer";
				COPY_PHASE_STRIP = NO;
				DEBUG_INFORMATION_FORMAT = dwarf;
				ENABLE_STRICT_OBJC_MSGSEND = YES;
				ENABLE_TESTABILITY = YES;
				GCC_C_LANGUAGE_STANDARD = gnu11;
				GCC_DYNAMIC_NO_PIC = NO;
				GCC_NO_COMMON_BLOCKS = YES;
				GCC_OPTIMIZATION_LEVEL = 0;
				GCC_PREPROCESSOR_DEFINITIONS = (
					"DEBUG=1",
					"$(inherited)",
				);
				GCC_WARN_64_TO_32_BIT_CONVERSION = YES;
				GCC_WARN_ABOUT_RETURN_TYPE = YES_ERROR;
				GCC_WARN_UNDECLARED_SELECTOR = YES;
				GCC_WARN_UNINITIALIZED_AUTOS = YES_AGGRESSIVE;
				GCC_WARN_UNUSED_FUNCTION = YES;
				GCC_WARN_UNUSED_VARIABLE = YES;
				IPHONEOS_DEPLOYMENT_TARGET = 11.4;
				MTL_ENABLE_DEBUG_INFO = YES;
				ONLY_ACTIVE_ARCH = YES;
				SDKROOT = iphoneos;
				SWIFT_ACTIVE_COMPILATION_CONDITIONS = DEBUG;
				SWIFT_OPTIMIZATION_LEVEL = "-Onone";
			};
			name = Debug;
		};
		99ACBC5420F3CFC300F705E3 /* Release */ = {
			isa = XCBuildConfiguration;
			buildSettings = {
				ALWAYS_SEARCH_USER_PATHS = NO;
				CLANG_ANALYZER_NONNULL = YES;
				CLANG_ANALYZER_NUMBER_OBJECT_CONVERSION = YES_AGGRESSIVE;
				CLANG_CXX_LANGUAGE_STANDARD = "gnu++14";
				CLANG_CXX_LIBRARY = "libc++";
				CLANG_ENABLE_MODULES = YES;
				CLANG_ENABLE_OBJC_ARC = YES;
				CLANG_ENABLE_OBJC_WEAK = YES;
				CLANG_WARN_BLOCK_CAPTURE_AUTORELEASING = YES;
				CLANG_WARN_BOOL_CONVERSION = YES;
				CLANG_WARN_COMMA = YES;
				CLANG_WARN_CONSTANT_CONVERSION = YES;
				CLANG_WARN_DEPRECATED_OBJC_IMPLEMENTATIONS = YES;
				CLANG_WARN_DIRECT_OBJC_ISA_USAGE = YES_ERROR;
				CLANG_WARN_DOCUMENTATION_COMMENTS = YES;
				CLANG_WARN_EMPTY_BODY = YES;
				CLANG_WARN_ENUM_CONVERSION = YES;
				CLANG_WARN_INFINITE_RECURSION = YES;
				CLANG_WARN_INT_CONVERSION = YES;
				CLANG_WARN_NON_LITERAL_NULL_CONVERSION = YES;
				CLANG_WARN_OBJC_IMPLICIT_RETAIN_SELF = YES;
				CLANG_WARN_OBJC_LITERAL_CONVERSION = YES;
				CLANG_WARN_OBJC_ROOT_CLASS = YES_ERROR;
				CLANG_WARN_RANGE_LOOP_ANALYSIS = YES;
				CLANG_WARN_STRICT_PROTOTYPES = YES;
				CLANG_WARN_SUSPICIOUS_MOVE = YES;
				CLANG_WARN_UNGUARDED_AVAILABILITY = YES_AGGRESSIVE;
				CLANG_WARN_UNREACHABLE_CODE = YES;
				CLANG_WARN__DUPLICATE_METHOD_MATCH = YES;
				CODE_SIGN_IDENTITY = "iPhone Developer";
				COPY_PHASE_STRIP = NO;
				DEBUG_INFORMATION_FORMAT = "dwarf-with-dsym";
				ENABLE_NS_ASSERTIONS = NO;
				ENABLE_STRICT_OBJC_MSGSEND = YES;
				GCC_C_LANGUAGE_STANDARD = gnu11;
				GCC_NO_COMMON_BLOCKS = YES;
				GCC_WARN_64_TO_32_BIT_CONVERSION = YES;
				GCC_WARN_ABOUT_RETURN_TYPE = YES_ERROR;
				GCC_WARN_UNDECLARED_SELECTOR = YES;
				GCC_WARN_UNINITIALIZED_AUTOS = YES_AGGRESSIVE;
				GCC_WARN_UNUSED_FUNCTION = YES;
				GCC_WARN_UNUSED_VARIABLE = YES;
				IPHONEOS_DEPLOYMENT_TARGET = 11.4;
				MTL_ENABLE_DEBUG_INFO = NO;
				SDKROOT = iphoneos;
				SWIFT_COMPILATION_MODE = wholemodule;
				SWIFT_OPTIMIZATION_LEVEL = "-O";
				VALIDATE_PRODUCT = YES;
			};
			name = Release;
		};
		99ACBC5620F3CFC300F705E3 /* Debug */ = {
			isa = XCBuildConfiguration;
			buildSettings = {
				ASSETCATALOG_COMPILER_APPICON_NAME = AppIcon;
				CODE_SIGN_ENTITLEMENTS = "Deep Linked Animals xchen/Deep Linked Animals xchen.entitlements";
				CODE_SIGN_STYLE = Automatic;
				DEVELOPMENT_TEAM = R63EM248DP;
				FRAMEWORK_SEARCH_PATHS = (
					"$(inherited)",
					"$(PROJECT_DIR)/Deep\\ Linked\\ Animals\\ xchen",
					"$(PROJECT_DIR)/Deep\\ Linked\\ Animals\\ xchen",
					"$(PROJECT_DIR)",
				);
				INFOPLIST_FILE = "Deep Linked Animals xchen/Info.plist";
				LD_RUNPATH_SEARCH_PATHS = (
					"$(inherited)",
					"@executable_path/Frameworks",
				);
				PRODUCT_BUNDLE_IDENTIFIER = "io.branch.Deep-Linked-Animals-xchen";
				PRODUCT_NAME = "$(TARGET_NAME)";
				SWIFT_VERSION = 4.0;
				TARGETED_DEVICE_FAMILY = "1,2";
			};
			name = Debug;
		};
		99ACBC5720F3CFC300F705E3 /* Release */ = {
			isa = XCBuildConfiguration;
			buildSettings = {
				ASSETCATALOG_COMPILER_APPICON_NAME = AppIcon;
				CODE_SIGN_ENTITLEMENTS = "Deep Linked Animals xchen/Deep Linked Animals xchen.entitlements";
				CODE_SIGN_STYLE = Automatic;
				DEVELOPMENT_TEAM = R63EM248DP;
				FRAMEWORK_SEARCH_PATHS = (
					"$(inherited)",
					"$(PROJECT_DIR)/Deep\\ Linked\\ Animals\\ xchen",
					"$(PROJECT_DIR)/Deep\\ Linked\\ Animals\\ xchen",
					"$(PROJECT_DIR)",
				);
				INFOPLIST_FILE = "Deep Linked Animals xchen/Info.plist";
				LD_RUNPATH_SEARCH_PATHS = (
					"$(inherited)",
					"@executable_path/Frameworks",
				);
				PRODUCT_BUNDLE_IDENTIFIER = "io.branch.Deep-Linked-Animals-xchen";
				PRODUCT_NAME = "$(TARGET_NAME)";
				SWIFT_VERSION = 4.0;
				TARGETED_DEVICE_FAMILY = "1,2";
			};
			name = Release;
		};
/* End XCBuildConfiguration section */

/* Begin XCConfigurationList section */
		99ACBC3E20F3CFC200F705E3 /* Build configuration list for PBXProject "Deep Linked Animals xchen" */ = {
			isa = XCConfigurationList;
			buildConfigurations = (
				99ACBC5320F3CFC300F705E3 /* Debug */,
				99ACBC5420F3CFC300F705E3 /* Release */,
			);
			defaultConfigurationIsVisible = 0;
			defaultConfigurationName = Release;
		};
		99ACBC5520F3CFC300F705E3 /* Build configuration list for PBXNativeTarget "Deep Linked Animals xchen" */ = {
			isa = XCConfigurationList;
			buildConfigurations = (
				99ACBC5620F3CFC300F705E3 /* Debug */,
				99ACBC5720F3CFC300F705E3 /* Release */,
			);
			defaultConfigurationIsVisible = 0;
			defaultConfigurationName = Release;
		};
/* End XCConfigurationList section */
	};
	rootObject = 99ACBC3B20F3CFC200F705E3 /* Project object */;
}
